PODS:
  - AFNetworking (2.6.3):
    - AFNetworking/NSURLConnection (= 2.6.3)
    - AFNetworking/NSURLSession (= 2.6.3)
    - AFNetworking/Reachability (= 2.6.3)
    - AFNetworking/Security (= 2.6.3)
    - AFNetworking/Serialization (= 2.6.3)
    - AFNetworking/UIKit (= 2.6.3)
  - AFNetworking/NSURLConnection (2.6.3):
    - AFNetworking/Reachability
    - AFNetworking/Security
    - AFNetworking/Serialization
  - AFNetworking/NSURLSession (2.6.3):
    - AFNetworking/Reachability
    - AFNetworking/Security
    - AFNetworking/Serialization
  - AFNetworking/Reachability (2.6.3)
  - AFNetworking/Security (2.6.3)
  - AFNetworking/Serialization (2.6.3)
  - AFNetworking/UIKit (2.6.3):
    - AFNetworking/NSURLConnection
    - AFNetworking/NSURLSession
  - FMDB (2.7.2):
    - FMDB/standard (= 2.7.2)
  - FMDB/standard (2.7.2)
  - JSONModel (1.7.0)
  - Masonry (1.0.2)
  - MJRefresh (3.1.12)
  - SVProgressHUD (2.1.2)
  - YYModel (1.0.4)

DEPENDENCIES:
  - AFNetworking (~> 2.6.0)
  - FMDB
  - JSONModel
  - Masonry
  - MJRefresh
  - SVProgressHUD
  - YYModel

SPEC CHECKSUMS:
  AFNetworking: cb8d14a848e831097108418f5d49217339d4eb60
  FMDB: 6198a90e7b6900cfc046e6bc0ef6ebb7be9236aa
  JSONModel: 840bc0fcffb24b8454d2c026bf26fea454b8e98d
  Masonry: 7c429b56da9d4ee0bbb3ed77a5ea710d6a5df39e
  MJRefresh: b96cdb21c4aa75a7b07654311ab2f315c497e806
  SVProgressHUD: c404a55d78acbeb7ebb78b76d3faf986475a6994
  YYModel: 2a7fdd96aaa4b86a824e26d0c517de8928c04b30

PODFILE CHECKSUM: 735242fdb8b97923e1f8e9cde8ca81a1f6468acc

COCOAPODS: 1.2.1
